{
  "name": "@lingdocs/inflect",
  "version": "7.8.13",
  "lockfileVersion": 3,
  "requires": true,
  "packages": {
    "": {
      "name": "@lingdocs/inflect",
      "version": "7.8.13",
      "license": "GPL-3.0",
      "dependencies": {
        "fp-ts": "^2.16.0",
        "lokijs": "^1.5.12",
        "micro-memoize": "^4.1.2",
        "optics-ts": "^2.4.1",
        "rambda": "^7.3.0"
      },
      "devDependencies": {
        "@types/lokijs": "^1.5.14"
      }
    },
    "node_modules/@types/lokijs": {
      "version": "1.5.14",
      "resolved": "https://registry.npmjs.org/@types/lokijs/-/lokijs-1.5.14.tgz",
      "integrity": "sha512-4Fic47BX3Qxr8pd12KT6/T1XWU8dOlJBIp1jGoMbaDbiEvdv50rAii+B3z1b/J2pvMywcVP+DBPGP5/lgLOKGA==",
      "dev": true,
      "license": "MIT"
    },
    "node_modules/fp-ts": {
      "version": "2.16.10",
      "resolved": "https://registry.npmjs.org/fp-ts/-/fp-ts-2.16.10.tgz",
      "integrity": "sha512-vuROzbNVfCmUkZSUbnWSltR1sbheyQbTzug7LB/46fEa1c0EucLeBaCEUE0gF3ZGUGBt9lVUiziGOhhj6K1ORA==",
      "license": "MIT"
    },
    "node_modules/lokijs": {
      "version": "1.5.12",
      "resolved": "https://registry.npmjs.org/lokijs/-/lokijs-1.5.12.tgz",
      "integrity": "sha512-Q5ALD6JiS6xAUWCwX3taQmgwxyveCtIIuL08+ml0nHwT3k0S/GIFJN+Hd38b1qYIMaE5X++iqsqWVksz7SYW+Q==",
      "license": "MIT"
    },
    "node_modules/micro-memoize": {
      "version": "4.1.3",
      "resolved": "https://registry.npmjs.org/micro-memoize/-/micro-memoize-4.1.3.tgz",
      "integrity": "sha512-DzRMi8smUZXT7rCGikRwldEh6eO6qzKiPPopcr1+2EY3AYKpy5fu159PKWwIS9A6IWnrvPKDMcuFtyrroZa8Bw==",
      "license": "MIT"
    },
    "node_modules/optics-ts": {
      "version": "2.4.1",
      "resolved": "https://registry.npmjs.org/optics-ts/-/optics-ts-2.4.1.tgz",
      "integrity": "sha512-HaYzMHvC80r7U/LqAd4hQyopDezC60PO2qF5GuIwALut2cl5rK1VWHsqTp0oqoJJWjiv6uXKqsO+Q2OO0C3MmQ==",
      "license": "MIT"
    },
    "node_modules/rambda": {
      "version": "7.5.0",
      "resolved": "https://registry.npmjs.org/rambda/-/rambda-7.5.0.tgz",
      "integrity": "sha512-y/M9weqWAH4iopRd7EHDEQQvpFPHj1AA3oHozE9tfITHUtTR7Z9PSlIRRG2l1GuW7sefC1cXFfIcF+cgnShdBA==",
      "license": "MIT"
    }
  }
}
