# THIS IS AN AUTOGENERATED FILE. DO NOT EDIT THIS FILE DIRECTLY.
# yarn lockfile v1


rambda@^7.3.0:
  version "7.3.0"
  resolved "https://registry.yarnpkg.com/rambda/-/rambda-7.3.0.tgz#90e440ead53030a216093865d8d97997a80868ca"
  integrity sha512-RFVofZYaG2TaVcxjnM0ejdVWf/59rFq1f57OGnjP3GT/bthzFw0GVr5rkP9PKbVlEuF/Y7bOVPLfiiYfxq/EWQ==
