# THIS IS AN AUTOGENERATED FILE. DO NOT EDIT THIS FILE DIRECTLY.
# yarn lockfile v1


"@types/lokijs@^1.5.14":
  version "1.5.14"
  resolved "https://registry.yarnpkg.com/@types/lokijs/-/lokijs-1.5.14.tgz#bf7efc825b8ac763676eedcf4df35f553733f511"
  integrity sha512-4Fic47BX3Qxr8pd12KT6/T1XWU8dOlJBIp1jGoMbaDbiEvdv50rAii+B3z1b/J2pvMywcVP+DBPGP5/lgLOKGA==

fp-ts@^2.16.0:
  version "2.16.9"
  resolved "https://registry.yarnpkg.com/fp-ts/-/fp-ts-2.16.9.tgz#99628fc5e0bb3b432c4a16d8f4455247380bae8a"
  integrity sha512-+I2+FnVB+tVaxcYyQkHUq7ZdKScaBlX53A41mxQtpIccsfyv8PzdzP7fzp2AY832T4aoK6UZ5WRX/ebGd8uZuQ==

lokijs@^1.5.12:
  version "1.5.12"
  resolved "https://registry.yarnpkg.com/lokijs/-/lokijs-1.5.12.tgz#cb55b37009bdf09ee7952a6adddd555b893653a0"
  integrity sha512-Q5ALD6JiS6xAUWCwX3taQmgwxyveCtIIuL08+ml0nHwT3k0S/GIFJN+Hd38b1qYIMaE5X++iqsqWVksz7SYW+Q==

micro-memoize@^4.1.2:
  version "4.1.2"
  resolved "https://registry.yarnpkg.com/micro-memoize/-/micro-memoize-4.1.2.tgz#ce719c1ba1e41592f1cd91c64c5f41dcbf135f36"
  integrity sha512-+HzcV2H+rbSJzApgkj0NdTakkC+bnyeiUxgT6/m7mjcz1CmM22KYFKp+EVj1sWe4UYcnriJr5uqHQD/gMHLD+g==

rambda@^7.3.0:
  version "7.5.0"
  resolved "https://registry.yarnpkg.com/rambda/-/rambda-7.5.0.tgz#1865044c59bc0b16f63026c6e5a97e4b1bbe98fe"
  integrity sha512-y/M9weqWAH4iopRd7EHDEQQvpFPHj1AA3oHozE9tfITHUtTR7Z9PSlIRRG2l1GuW7sefC1cXFfIcF+cgnShdBA==
